// !$*UTF8*$!
{
	archiveVersion = 1;
	classes = {
	};
	objectVersion = 46;
	objects = {

/* Begin PBXBuildFile section */
		BBAA8FD51941F2FE00E8374E /* Photograph.m in Sources */ = {isa = PBXBuildFile; fileRef = BBAA8FD41941F2FE00E8374E /* Photograph.m */; };
		BBAA8FD81941F2FE00E8374E /* Region.m in Sources */ = {isa = PBXBuildFile; fileRef = BBAA8FD71941F2FE00E8374E /* Region.m */; };
		BBAA8FDB1941F2FE00E8374E /* Place.m in Sources */ = {isa = PBXBuildFile; fileRef = BBAA8FDA1941F2FE00E8374E /* Place.m */; };
		BBAA8FDE1941F2FE00E8374E /* Photo.m in Sources */ = {isa = PBXBuildFile; fileRef = BBAA8FDD1941F2FE00E8374E /* Photo.m */; };
		BBAA8FE11941FAEB00E8374E /* ImageViewController.m in Sources */ = {isa = PBXBuildFile; fileRef = BBAA8FE01941FAEB00E8374E /* ImageViewController.m */; };
		BBAA8FEF1941FB6500E8374E /* ListFlickrPhotosTVC.m in Sources */ = {isa = PBXBuildFile; fileRef = BBAA8FEC1941FB6400E8374E /* ListFlickrPhotosTVC.m */; };
		BBAA8FF61942038F00E8374E /* FlickrPhotosCDTVC.m in Sources */ = {isa = PBXBuildFile; fileRef = BBAA8FF51942038F00E8374E /* FlickrPhotosCDTVC.m */; };
		BBB1D18A193DF165009A903A /* Model.xcdatamodeld in Sources */ = {isa = PBXBuildFile; fileRef = BBB1D188193DF165009A903A /* Model.xcdatamodeld */; };
		BBB1D18D193DF47F009A903A /* CoreDataTableViewController.m in Sources */ = {isa = PBXBuildFile; fileRef = BBB1D18C193DF47F009A903A /* CoreDataTableViewController.m */; };
		BBB1D1A3193DFD64009A903A /* Photo+Flickr.m in Sources */ = {isa = PBXBuildFile; fileRef = BBB1D1A2193DFD64009A903A /* Photo+Flickr.m */; };
		BBB1D1AA193DFED9009A903A /* FlickrFetcher.m in Sources */ = {isa = PBXBuildFile; fileRef = BBB1D1A7193DFED9009A903A /* FlickrFetcher.m */; };
		BBB1D1AE193E0165009A903A /* Photograph+Create.m in Sources */ = {isa = PBXBuildFile; fileRef = BBB1D1AD193E0165009A903A /* Photograph+Create.m */; };
		BBCE38DE192BED3F00F45897 /* Foundation.framework in Frameworks */ = {isa = PBXBuildFile; fileRef = BBCE38DD192BED3F00F45897 /* Foundation.framework */; };
		BBCE38E0192BED3F00F45897 /* CoreGraphics.framework in Frameworks */ = {isa = PBXBuildFile; fileRef = BBCE38DF192BED3F00F45897 /* CoreGraphics.framework */; };
		BBCE38E2192BED3F00F45897 /* UIKit.framework in Frameworks */ = {isa = PBXBuildFile; fileRef = BBCE38E1192BED3F00F45897 /* UIKit.framework */; };
		BBCE38E8192BED3F00F45897 /* InfoPlist.strings in Resources */ = {isa = PBXBuildFile; fileRef = BBCE38E6192BED3F00F45897 /* InfoPlist.strings */; };
		BBCE38EA192BED3F00F45897 /* main.m in Sources */ = {isa = PBXBuildFile; fileRef = BBCE38E9192BED3F00F45897 /* main.m */; };
		BBCE38EE192BED3F00F45897 /* TopRegionAppDelegate.m in Sources */ = {isa = PBXBuildFile; fileRef = BBCE38ED192BED3F00F45897 /* TopRegionAppDelegate.m */; };
		BBCE38F1192BED3F00F45897 /* Main_iPhone.storyboard in Resources */ = {isa = PBXBuildFile; fileRef = BBCE38EF192BED3F00F45897 /* Main_iPhone.storyboard */; };
		BBCE38F4192BED3F00F45897 /* Main_iPad.storyboard in Resources */ = {isa = PBXBuildFile; fileRef = BBCE38F2192BED3F00F45897 /* Main_iPad.storyboard */; };
		BBCE38F7192BED3F00F45897 /* TopRegionViewController.m in Sources */ = {isa = PBXBuildFile; fileRef = BBCE38F6192BED3F00F45897 /* TopRegionViewController.m */; };
		BBCE38F9192BED3F00F45897 /* Images.xcassets in Resources */ = {isa = PBXBuildFile; fileRef = BBCE38F8192BED3F00F45897 /* Images.xcassets */; };
		BBCE3900192BED4000F45897 /* XCTest.framework in Frameworks */ = {isa = PBXBuildFile; fileRef = BBCE38FF192BED4000F45897 /* XCTest.framework */; };
		BBCE3901192BED4000F45897 /* Foundation.framework in Frameworks */ = {isa = PBXBuildFile; fileRef = BBCE38DD192BED3F00F45897 /* Foundation.framework */; };
		BBCE3902192BED4000F45897 /* UIKit.framework in Frameworks */ = {isa = PBXBuildFile; fileRef = BBCE38E1192BED3F00F45897 /* UIKit.framework */; };
		BBCE390A192BED4000F45897 /* InfoPlist.strings in Resources */ = {isa = PBXBuildFile; fileRef = BBCE3908192BED4000F45897 /* InfoPlist.strings */; };
		BBCE390C192BED4000F45897 /* TopRegionTests.m in Sources */ = {isa = PBXBuildFile; fileRef = BBCE390B192BED4000F45897 /* TopRegionTests.m */; };
		BBD37A37193FBEFB005457D0 /* Place+PhotoTaken.m in Sources */ = {isa = PBXBuildFile; fileRef = BBD37A36193FBEFB005457D0 /* Place+PhotoTaken.m */; };
		BBD37A3A193FDEAD005457D0 /* Region+Create.m in Sources */ = {isa = PBXBuildFile; fileRef = BBD37A39193FDEAD005457D0 /* Region+Create.m */; };
		BBD37A40193FE98E005457D0 /* RegionCDTVC.m in Sources */ = {isa = PBXBuildFile; fileRef = BBD37A3F193FE98E005457D0 /* RegionCDTVC.m */; };
/* End PBXBuildFile section */

/* Begin PBXContainerItemProxy section */
		BBCE3903192BED4000F45897 /* PBXContainerItemProxy */ = {
			isa = PBXContainerItemProxy;
			containerPortal = BBCE38D2192BED3F00F45897 /* Project object */;
			proxyType = 1;
			remoteGlobalIDString = BBCE38D9192BED3F00F45897;
			remoteInfo = TopRegion;
		};
/* End PBXContainerItemProxy section */

/* Begin PBXFileReference section */
		BBAA8FD31941F2FE00E8374E /* Photograph.h */ = {isa = PBXFileReference; fileEncoding = 4; lastKnownFileType = sourcecode.c.h; path = Photograph.h; sourceTree = "<group>"; };
		BBAA8FD41941F2FE00E8374E /* Photograph.m */ = {isa = PBXFileReference; fileEncoding = 4; lastKnownFileType = sourcecode.c.objc; path = Photograph.m; sourceTree = "<group>"; };
		BBAA8FD61941F2FE00E8374E /* Region.h */ = {isa = PBXFileReference; fileEncoding = 4; lastKnownFileType = sourcecode.c.h; path = Region.h; sourceTree = "<group>"; };
		BBAA8FD71941F2FE00E8374E /* Region.m */ = {isa = PBXFileReference; fileEncoding = 4; lastKnownFileType = sourcecode.c.objc; path = Region.m; sourceTree = "<group>"; };
		BBAA8FD91941F2FE00E8374E /* Place.h */ = {isa = PBXFileReference; fileEncoding = 4; lastKnownFileType = sourcecode.c.h; path = Place.h; sourceTree = "<group>"; };
		BBAA8FDA1941F2FE00E8374E /* Place.m */ = {isa = PBXFileReference; fileEncoding = 4; lastKnownFileType = sourcecode.c.objc; path = Place.m; sourceTree = "<group>"; };
		BBAA8FDC1941F2FE00E8374E /* Photo.h */ = {isa = PBXFileReference; fileEncoding = 4; lastKnownFileType = sourcecode.c.h; path = Photo.h; sourceTree = "<group>"; };
		BBAA8FDD1941F2FE00E8374E /* Photo.m */ = {isa = PBXFileReference; fileEncoding = 4; lastKnownFileType = sourcecode.c.objc; path = Photo.m; sourceTree = "<group>"; };
		BBAA8FDF1941FAEB00E8374E /* ImageViewController.h */ = {isa = PBXFileReference; fileEncoding = 4; lastKnownFileType = sourcecode.c.h; name = ImageViewController.h; path = ../../TopPlaces/TopPlaces/ImageViewController.h; sourceTree = "<group>"; };
		BBAA8FE01941FAEB00E8374E /* ImageViewController.m */ = {isa = PBXFileReference; fileEncoding = 4; lastKnownFileType = sourcecode.c.objc; name = ImageViewController.m; path = ../../TopPlaces/TopPlaces/ImageViewController.m; sourceTree = "<group>"; };
		BBAA8FEB1941FB6400E8374E /* ListFlickrPhotosTVC.h */ = {isa = PBXFileReference; fileEncoding = 4; lastKnownFileType = sourcecode.c.h; name = ListFlickrPhotosTVC.h; path = ../../TopPlaces/TopPlaces/ListFlickrPhotosTVC.h; sourceTree = "<group>"; };
		BBAA8FEC1941FB6400E8374E /* ListFlickrPhotosTVC.m */ = {isa = PBXFileReference; fileEncoding = 4; lastKnownFileType = sourcecode.c.objc; name = ListFlickrPhotosTVC.m; path = ../../TopPlaces/TopPlaces/ListFlickrPhotosTVC.m; sourceTree = "<group>"; };
		BBAA8FF41942038F00E8374E /* FlickrPhotosCDTVC.h */ = {isa = PBXFileReference; fileEncoding = 4; lastKnownFileType = sourcecode.c.h; path = FlickrPhotosCDTVC.h; sourceTree = "<group>"; };
		BBAA8FF51942038F00E8374E /* FlickrPhotosCDTVC.m */ = {isa = PBXFileReference; fileEncoding = 4; lastKnownFileType = sourcecode.c.objc; path = FlickrPhotosCDTVC.m; sourceTree = "<group>"; };
		BBB1D189193DF165009A903A /* Model.xcdatamodel */ = {isa = PBXFileReference; lastKnownFileType = wrapper.xcdatamodel; path = Model.xcdatamodel; sourceTree = "<group>"; };
		BBB1D18B193DF47F009A903A /* CoreDataTableViewController.h */ = {isa = PBXFileReference; fileEncoding = 4; lastKnownFileType = sourcecode.c.h; name = CoreDataTableViewController.h; path = "../../../photomania-2013-14-master/Photomania/CoreDataTableViewController/CoreDataTableViewController.h"; sourceTree = "<group>"; };
		BBB1D18C193DF47F009A903A /* CoreDataTableViewController.m */ = {isa = PBXFileReference; fileEncoding = 4; lastKnownFileType = sourcecode.c.objc; name = CoreDataTableViewController.m; path = "../../../photomania-2013-14-master/Photomania/CoreDataTableViewController/CoreDataTableViewController.m"; sourceTree = "<group>"; };
		BBB1D1A1193DFD64009A903A /* Photo+Flickr.h */ = {isa = PBXFileReference; fileEncoding = 4; lastKnownFileType = sourcecode.c.h; path = "Photo+Flickr.h"; sourceTree = "<group>"; };
		BBB1D1A2193DFD64009A903A /* Photo+Flickr.m */ = {isa = PBXFileReference; fileEncoding = 4; lastKnownFileType = sourcecode.c.objc; path = "Photo+Flickr.m"; sourceTree = "<group>"; };
		BBB1D1A5193DFED9009A903A /* FlickrAPIKey.h */ = {isa = PBXFileReference; fileEncoding = 4; lastKnownFileType = sourcecode.c.h; path = FlickrAPIKey.h; sourceTree = "<group>"; };
		BBB1D1A6193DFED9009A903A /* FlickrFetcher.h */ = {isa = PBXFileReference; fileEncoding = 4; lastKnownFileType = sourcecode.c.h; path = FlickrFetcher.h; sourceTree = "<group>"; };
		BBB1D1A7193DFED9009A903A /* FlickrFetcher.m */ = {isa = PBXFileReference; fileEncoding = 4; lastKnownFileType = sourcecode.c.objc; path = FlickrFetcher.m; sourceTree = "<group>"; };
		BBB1D1AC193E0165009A903A /* Photograph+Create.h */ = {isa = PBXFileReference; fileEncoding = 4; lastKnownFileType = sourcecode.c.h; path = "Photograph+Create.h"; sourceTree = "<group>"; };
		BBB1D1AD193E0165009A903A /* Photograph+Create.m */ = {isa = PBXFileReference; fileEncoding = 4; lastKnownFileType = sourcecode.c.objc; path = "Photograph+Create.m"; sourceTree = "<group>"; };
		BBB1D1B2193E5709009A903A /* PhotoDatabaseAvailability.h */ = {isa = PBXFileReference; lastKnownFileType = sourcecode.c.h; path = PhotoDatabaseAvailability.h; sourceTree = "<group>"; };
		BBCE38DA192BED3F00F45897 /* TopRegion.app */ = {isa = PBXFileReference; explicitFileType = wrapper.application; includeInIndex = 0; path = TopRegion.app; sourceTree = BUILT_PRODUCTS_DIR; };
		BBCE38DD192BED3F00F45897 /* Foundation.framework */ = {isa = PBXFileReference; lastKnownFileType = wrapper.framework; name = Foundation.framework; path = System/Library/Frameworks/Foundation.framework; sourceTree = SDKROOT; };
		BBCE38DF192BED3F00F45897 /* CoreGraphics.framework */ = {isa = PBXFileReference; lastKnownFileType = wrapper.framework; name = CoreGraphics.framework; path = System/Library/Frameworks/CoreGraphics.framework; sourceTree = SDKROOT; };
		BBCE38E1192BED3F00F45897 /* UIKit.framework */ = {isa = PBXFileReference; lastKnownFileType = wrapper.framework; name = UIKit.framework; path = System/Library/Frameworks/UIKit.framework; sourceTree = SDKROOT; };
		BBCE38E5192BED3F00F45897 /* TopRegion-Info.plist */ = {isa = PBXFileReference; lastKnownFileType = text.plist.xml; path = "TopRegion-Info.plist"; sourceTree = "<group>"; };
		BBCE38E7192BED3F00F45897 /* en */ = {isa = PBXFileReference; lastKnownFileType = text.plist.strings; name = en; path = en.lproj/InfoPlist.strings; sourceTree = "<group>"; };
		BBCE38E9192BED3F00F45897 /* main.m */ = {isa = PBXFileReference; lastKnownFileType = sourcecode.c.objc; path = main.m; sourceTree = "<group>"; };
		BBCE38EB192BED3F00F45897 /* TopRegion-Prefix.pch */ = {isa = PBXFileReference; lastKnownFileType = sourcecode.c.h; path = "TopRegion-Prefix.pch"; sourceTree = "<group>"; };
		BBCE38EC192BED3F00F45897 /* TopRegionAppDelegate.h */ = {isa = PBXFileReference; lastKnownFileType = sourcecode.c.h; path = TopRegionAppDelegate.h; sourceTree = "<group>"; };
		BBCE38ED192BED3F00F45897 /* TopRegionAppDelegate.m */ = {isa = PBXFileReference; lastKnownFileType = sourcecode.c.objc; path = TopRegionAppDelegate.m; sourceTree = "<group>"; };
		BBCE38F0192BED3F00F45897 /* Base */ = {isa = PBXFileReference; lastKnownFileType = file.storyboard; name = Base; path = Base.lproj/Main_iPhone.storyboard; sourceTree = "<group>"; };
		BBCE38F3192BED3F00F45897 /* Base */ = {isa = PBXFileReference; lastKnownFileType = file.storyboard; name = Base; path = Base.lproj/Main_iPad.storyboard; sourceTree = "<group>"; };
		BBCE38F5192BED3F00F45897 /* TopRegionViewController.h */ = {isa = PBXFileReference; lastKnownFileType = sourcecode.c.h; path = TopRegionViewController.h; sourceTree = "<group>"; };
		BBCE38F6192BED3F00F45897 /* TopRegionViewController.m */ = {isa = PBXFileReference; lastKnownFileType = sourcecode.c.objc; path = TopRegionViewController.m; sourceTree = "<group>"; };
		BBCE38F8192BED3F00F45897 /* Images.xcassets */ = {isa = PBXFileReference; lastKnownFileType = folder.assetcatalog; path = Images.xcassets; sourceTree = "<group>"; };
		BBCE38FE192BED4000F45897 /* TopRegionTests.xctest */ = {isa = PBXFileReference; explicitFileType = wrapper.cfbundle; includeInIndex = 0; path = TopRegionTests.xctest; sourceTree = BUILT_PRODUCTS_DIR; };
		BBCE38FF192BED4000F45897 /* XCTest.framework */ = {isa = PBXFileReference; lastKnownFileType = wrapper.framework; name = XCTest.framework; path = Library/Frameworks/XCTest.framework; sourceTree = DEVELOPER_DIR; };
		BBCE3907192BED4000F45897 /* TopRegionTests-Info.plist */ = {isa = PBXFileReference; lastKnownFileType = text.plist.xml; path = "TopRegionTests-Info.plist"; sourceTree = "<group>"; };
		BBCE3909192BED4000F45897 /* en */ = {isa = PBXFileReference; lastKnownFileType = text.plist.strings; name = en; path = en.lproj/InfoPlist.strings; sourceTree = "<group>"; };
		BBCE390B192BED4000F45897 /* TopRegionTests.m */ = {isa = PBXFileReference; lastKnownFileType = sourcecode.c.objc; path = TopRegionTests.m; sourceTree = "<group>"; };
		BBD37A35193FBEFB005457D0 /* Place+PhotoTaken.h */ = {isa = PBXFileReference; fileEncoding = 4; lastKnownFileType = sourcecode.c.h; path = "Place+PhotoTaken.h"; sourceTree = "<group>"; };
		BBD37A36193FBEFB005457D0 /* Place+PhotoTaken.m */ = {isa = PBXFileReference; fileEncoding = 4; lastKnownFileType = sourcecode.c.objc; path = "Place+PhotoTaken.m"; sourceTree = "<group>"; };
		BBD37A38193FDEAD005457D0 /* Region+Create.h */ = {isa = PBXFileReference; fileEncoding = 4; lastKnownFileType = sourcecode.c.h; path = "Region+Create.h"; sourceTree = "<group>"; };
		BBD37A39193FDEAD005457D0 /* Region+Create.m */ = {isa = PBXFileReference; fileEncoding = 4; lastKnownFileType = sourcecode.c.objc; path = "Region+Create.m"; sourceTree = "<group>"; };
		BBD37A3E193FE98E005457D0 /* RegionCDTVC.h */ = {isa = PBXFileReference; fileEncoding = 4; lastKnownFileType = sourcecode.c.h; path = RegionCDTVC.h; sourceTree = "<group>"; };
		BBD37A3F193FE98E005457D0 /* RegionCDTVC.m */ = {isa = PBXFileReference; fileEncoding = 4; lastKnownFileType = sourcecode.c.objc; path = RegionCDTVC.m; sourceTree = "<group>"; };
/* End PBXFileReference section */

/* Begin PBXFrameworksBuildPhase section */
		BBCE38D7192BED3F00F45897 /* Frameworks */ = {
			isa = PBXFrameworksBuildPhase;
			buildActionMask = 2147483647;
			files = (
				BBCE38E0192BED3F00F45897 /* CoreGraphics.framework in Frameworks */,
				BBCE38E2192BED3F00F45897 /* UIKit.framework in Frameworks */,
				BBCE38DE192BED3F00F45897 /* Foundation.framework in Frameworks */,
			);
			runOnlyForDeploymentPostprocessing = 0;
		};
		BBCE38FB192BED4000F45897 /* Frameworks */ = {
			isa = PBXFrameworksBuildPhase;
			buildActionMask = 2147483647;
			files = (
				BBCE3900192BED4000F45897 /* XCTest.framework in Frameworks */,
				BBCE3902192BED4000F45897 /* UIKit.framework in Frameworks */,
				BBCE3901192BED4000F45897 /* Foundation.framework in Frameworks */,
			);
			runOnlyForDeploymentPostprocessing = 0;
		};
/* End PBXFrameworksBuildPhase section */

/* Begin PBXGroup section */
		BBAA8FF11941FB9800E8374E /* Flickr Recent */ = {
			isa = PBXGroup;
			children = (
			);
			name = "Flickr Recent";
			sourceTree = "<group>";
		};
		BBAA8FF31941FBCD00E8374E /* Flickr Photos */ = {
			isa = PBXGroup;
			children = (
				BBAA8FEB1941FB6400E8374E /* ListFlickrPhotosTVC.h */,
				BBAA8FEC1941FB6400E8374E /* ListFlickrPhotosTVC.m */,
				BBAA8FF41942038F00E8374E /* FlickrPhotosCDTVC.h */,
				BBAA8FF51942038F00E8374E /* FlickrPhotosCDTVC.m */,
			);
			name = "Flickr Photos";
			sourceTree = "<group>";
		};
		BBAA8FF71942351A00E8374E /* CoreDataModel */ = {
			isa = PBXGroup;
			children = (
				BBAA8FDC1941F2FE00E8374E /* Photo.h */,
				BBAA8FDD1941F2FE00E8374E /* Photo.m */,
				BBAA8FD91941F2FE00E8374E /* Place.h */,
				BBAA8FDA1941F2FE00E8374E /* Place.m */,
				BBAA8FD61941F2FE00E8374E /* Region.h */,
				BBAA8FD71941F2FE00E8374E /* Region.m */,
				BBAA8FD31941F2FE00E8374E /* Photograph.h */,
				BBAA8FD41941F2FE00E8374E /* Photograph.m */,
				BBAA8FF81942352900E8374E /* Categories */,
			);
			name = CoreDataModel;
			sourceTree = "<group>";
		};
		BBAA8FF81942352900E8374E /* Categories */ = {
			isa = PBXGroup;
			children = (
				BBB1D1A1193DFD64009A903A /* Photo+Flickr.h */,
				BBB1D1A2193DFD64009A903A /* Photo+Flickr.m */,
				BBB1D1AC193E0165009A903A /* Photograph+Create.h */,
				BBB1D1AD193E0165009A903A /* Photograph+Create.m */,
				BBD37A35193FBEFB005457D0 /* Place+PhotoTaken.h */,
				BBD37A36193FBEFB005457D0 /* Place+PhotoTaken.m */,
				BBD37A38193FDEAD005457D0 /* Region+Create.h */,
				BBD37A39193FDEAD005457D0 /* Region+Create.m */,
			);
			name = Categories;
			sourceTree = "<group>";
		};
		BBAA8FF91942354A00E8374E /* Flickr TopRegions */ = {
			isa = PBXGroup;
			children = (
				BBD37A3E193FE98E005457D0 /* RegionCDTVC.h */,
				BBD37A3F193FE98E005457D0 /* RegionCDTVC.m */,
			);
			name = "Flickr TopRegions";
			sourceTree = "<group>";
		};
		BBB1D18E193DF486009A903A /* CoreDataTableViewController */ = {
			isa = PBXGroup;
			children = (
				BBB1D18B193DF47F009A903A /* CoreDataTableViewController.h */,
				BBB1D18C193DF47F009A903A /* CoreDataTableViewController.m */,
			);
			name = CoreDataTableViewController;
			sourceTree = "<group>";
		};
		BBB1D1A4193DFED9009A903A /* Flickr Fetcher */ = {
			isa = PBXGroup;
			children = (
				BBB1D1A5193DFED9009A903A /* FlickrAPIKey.h */,
				BBB1D1A6193DFED9009A903A /* FlickrFetcher.h */,
				BBB1D1A7193DFED9009A903A /* FlickrFetcher.m */,
			);
			name = "Flickr Fetcher";
			path = "../../Flickr Fetcher";
			sourceTree = "<group>";
		};
		BBCE38D1192BED3F00F45897 = {
			isa = PBXGroup;
			children = (
				BBCE38E3192BED3F00F45897 /* TopRegion */,
				BBCE3905192BED4000F45897 /* TopRegionTests */,
				BBCE38DC192BED3F00F45897 /* Frameworks */,
				BBCE38DB192BED3F00F45897 /* Products */,
			);
			sourceTree = "<group>";
		};
		BBCE38DB192BED3F00F45897 /* Products */ = {
			isa = PBXGroup;
			children = (
				BBCE38DA192BED3F00F45897 /* TopRegion.app */,
				BBCE38FE192BED4000F45897 /* TopRegionTests.xctest */,
			);
			name = Products;
			sourceTree = "<group>";
		};
		BBCE38DC192BED3F00F45897 /* Frameworks */ = {
			isa = PBXGroup;
			children = (
				BBCE38DD192BED3F00F45897 /* Foundation.framework */,
				BBCE38DF192BED3F00F45897 /* CoreGraphics.framework */,
				BBCE38E1192BED3F00F45897 /* UIKit.framework */,
				BBCE38FF192BED4000F45897 /* XCTest.framework */,
			);
			name = Frameworks;
			sourceTree = "<group>";
		};
		BBCE38E3192BED3F00F45897 /* TopRegion */ = {
			isa = PBXGroup;
			children = (
				BBAA8FF71942351A00E8374E /* CoreDataModel */,
				BBB1D18E193DF486009A903A /* CoreDataTableViewController */,
				BBAA8FF91942354A00E8374E /* Flickr TopRegions */,
				BBAA8FF31941FBCD00E8374E /* Flickr Photos */,
				BBAA8FF11941FB9800E8374E /* Flickr Recent */,
				BBB1D1A4193DFED9009A903A /* Flickr Fetcher */,
				BBCE38EF192BED3F00F45897 /* Main_iPhone.storyboard */,
				BBCE38F2192BED3F00F45897 /* Main_iPad.storyboard */,
				BBB1D188193DF165009A903A /* Model.xcdatamodeld */,
				BBAA8FDF1941FAEB00E8374E /* ImageViewController.h */,
				BBAA8FE01941FAEB00E8374E /* ImageViewController.m */,
				BBCE38F5192BED3F00F45897 /* TopRegionViewController.h */,
				BBCE38F6192BED3F00F45897 /* TopRegionViewController.m */,
				BBCE38EC192BED3F00F45897 /* TopRegionAppDelegate.h */,
				BBCE38ED192BED3F00F45897 /* TopRegionAppDelegate.m */,
				BBB1D1B2193E5709009A903A /* PhotoDatabaseAvailability.h */,
				BBCE38F8192BED3F00F45897 /* Images.xcassets */,
				BBCE38E4192BED3F00F45897 /* Supporting Files */,
			);
			path = TopRegion;
			sourceTree = "<group>";
		};
		BBCE38E4192BED3F00F45897 /* Supporting Files */ = {
			isa = PBXGroup;
			children = (
				BBCE38E5192BED3F00F45897 /* TopRegion-Info.plist */,
				BBCE38E6192BED3F00F45897 /* InfoPlist.strings */,
				BBCE38E9192BED3F00F45897 /* main.m */,
				BBCE38EB192BED3F00F45897 /* TopRegion-Prefix.pch */,
			);
			name = "Supporting Files";
			sourceTree = "<group>";
		};
		BBCE3905192BED4000F45897 /* TopRegionTests */ = {
			isa = PBXGroup;
			children = (
				BBCE390B192BED4000F45897 /* TopRegionTests.m */,
				BBCE3906192BED4000F45897 /* Supporting Files */,
			);
			path = TopRegionTests;
			sourceTree = "<group>";
		};
		BBCE3906192BED4000F45897 /* Supporting Files */ = {
			isa = PBXGroup;
			children = (
				BBCE3907192BED4000F45897 /* TopRegionTests-Info.plist */,
				BBCE3908192BED4000F45897 /* InfoPlist.strings */,
			);
			name = "Supporting Files";
			sourceTree = "<group>";
		};
/* End PBXGroup section */

/* Begin PBXNativeTarget section */
		BBCE38D9192BED3F00F45897 /* TopRegion */ = {
			isa = PBXNativeTarget;
			buildConfigurationList = BBCE390F192BED4000F45897 /* Build configuration list for PBXNativeTarget "TopRegion" */;
			buildPhases = (
				BBCE38D6192BED3F00F45897 /* Sources */,
				BBCE38D7192BED3F00F45897 /* Frameworks */,
				BBCE38D8192BED3F00F45897 /* Resources */,
			);
			buildRules = (
			);
			dependencies = (
			);
			name = TopRegion;
			productName = TopRegion;
			productReference = BBCE38DA192BED3F00F45897 /* TopRegion.app */;
			productType = "com.apple.product-type.application";
		};
		BBCE38FD192BED4000F45897 /* TopRegionTests */ = {
			isa = PBXNativeTarget;
			buildConfigurationList = BBCE3912192BED4000F45897 /* Build configuration list for PBXNativeTarget "TopRegionTests" */;
			buildPhases = (
				BBCE38FA192BED4000F45897 /* Sources */,
				BBCE38FB192BED4000F45897 /* Frameworks */,
				BBCE38FC192BED4000F45897 /* Resources */,
			);
			buildRules = (
			);
			dependencies = (
				BBCE3904192BED4000F45897 /* PBXTargetDependency */,
			);
			name = TopRegionTests;
			productName = TopRegionTests;
			productReference = BBCE38FE192BED4000F45897 /* TopRegionTests.xctest */;
			productType = "com.apple.product-type.bundle.unit-test";
		};
/* End PBXNativeTarget section */

/* Begin PBXProject section */
		BBCE38D2192BED3F00F45897 /* Project object */ = {
			isa = PBXProject;
			attributes = {
				CLASSPREFIX = TopRegion;
				LastUpgradeCheck = 0500;
				ORGANIZATIONNAME = MrAnderson;
				TargetAttributes = {
					BBCE38FD192BED4000F45897 = {
						TestTargetID = BBCE38D9192BED3F00F45897;
					};
				};
			};
			buildConfigurationList = BBCE38D5192BED3F00F45897 /* Build configuration list for PBXProject "TopRegion" */;
			compatibilityVersion = "Xcode 3.2";
			developmentRegion = English;
			hasScannedForEncodings = 0;
			knownRegions = (
				en,
				Base,
			);
			mainGroup = BBCE38D1192BED3F00F45897;
			productRefGroup = BBCE38DB192BED3F00F45897 /* Products */;
			projectDirPath = "";
			projectRoot = "";
			targets = (
				BBCE38D9192BED3F00F45897 /* TopRegion */,
				BBCE38FD192BED4000F45897 /* TopRegionTests */,
			);
		};
/* End PBXProject section */

/* Begin PBXResourcesBuildPhase section */
		BBCE38D8192BED3F00F45897 /* Resources */ = {
			isa = PBXResourcesBuildPhase;
			buildActionMask = 2147483647;
			files = (
				BBCE38F4192BED3F00F45897 /* Main_iPad.storyboard in Resources */,
				BBCE38F9192BED3F00F45897 /* Images.xcassets in Resources */,
				BBCE38F1192BED3F00F45897 /* Main_iPhone.storyboard in Resources */,
				BBCE38E8192BED3F00F45897 /* InfoPlist.strings in Resources */,
			);
			runOnlyForDeploymentPostprocessing = 0;
		};
		BBCE38FC192BED4000F45897 /* Resources */ = {
			isa = PBXResourcesBuildPhase;
			buildActionMask = 2147483647;
			files = (
				BBCE390A192BED4000F45897 /* InfoPlist.strings in Resources */,
			);
			runOnlyForDeploymentPostprocessing = 0;
		};
/* End PBXResourcesBuildPhase section */

/* Begin PBXSourcesBuildPhase section */
		BBCE38D6192BED3F00F45897 /* Sources */ = {
			isa = PBXSourcesBuildPhase;
			buildActionMask = 2147483647;
			files = (
				BBAA8FD81941F2FE00E8374E /* Region.m in Sources */,
				BBB1D1AA193DFED9009A903A /* FlickrFetcher.m in Sources */,
				BBB1D1A3193DFD64009A903A /* Photo+Flickr.m in Sources */,
				BBCE38F7192BED3F00F45897 /* TopRegionViewController.m in Sources */,
				BBAA8FEF1941FB6500E8374E /* ListFlickrPhotosTVC.m in Sources */,
				BBCE38EE192BED3F00F45897 /* TopRegionAppDelegate.m in Sources */,
				BBAA8FE11941FAEB00E8374E /* ImageViewController.m in Sources */,
				BBCE38EA192BED3F00F45897 /* main.m in Sources */,
				BBAA8FDB1941F2FE00E8374E /* Place.m in Sources */,
				BBAA8FDE1941F2FE00E8374E /* Photo.m in Sources */,
				BBD37A40193FE98E005457D0 /* RegionCDTVC.m in Sources */,
				BBB1D1AE193E0165009A903A /* Photograph+Create.m in Sources */,
				BBAA8FD51941F2FE00E8374E /* Photograph.m in Sources */,
				BBB1D18A193DF165009A903A /* Model.xcdatamodeld in Sources */,
				BBD37A3A193FDEAD005457D0 /* Region+Create.m in Sources */,
				BBB1D18D193DF47F009A903A /* CoreDataTableViewController.m in Sources */,
				BBAA8FF61942038F00E8374E /* FlickrPhotosCDTVC.m in Sources */,
				BBD37A37193FBEFB005457D0 /* Place+PhotoTaken.m in Sources */,
			);
			runOnlyForDeploymentPostprocessing = 0;
		};
		BBCE38FA192BED4000F45897 /* Sources */ = {
			isa = PBXSourcesBuildPhase;
			buildActionMask = 2147483647;
			files = (
				BBCE390C192BED4000F45897 /* TopRegionTests.m in Sources */,
			);
			runOnlyForDeploymentPostprocessing = 0;
		};
/* End PBXSourcesBuildPhase section */

/* Begin PBXTargetDependency section */
		BBCE3904192BED4000F45897 /* PBXTargetDependency */ = {
			isa = PBXTargetDependency;
			target = BBCE38D9192BED3F00F45897 /* TopRegion */;
			targetProxy = BBCE3903192BED4000F45897 /* PBXContainerItemProxy */;
		};
/* End PBXTargetDependency section */

/* Begin PBXVariantGroup section */
		BBCE38E6192BED3F00F45897 /* InfoPlist.strings */ = {
			isa = PBXVariantGroup;
			children = (
				BBCE38E7192BED3F00F45897 /* en */,
			);
			name = InfoPlist.strings;
			sourceTree = "<group>";
		};
		BBCE38EF192BED3F00F45897 /* Main_iPhone.storyboard */ = {
			isa = PBXVariantGroup;
			children = (
				BBCE38F0192BED3F00F45897 /* Base */,
			);
			name = Main_iPhone.storyboard;
			sourceTree = "<group>";
		};
		BBCE38F2192BED3F00F45897 /* Main_iPad.storyboard */ = {
			isa = PBXVariantGroup;
			children = (
				BBCE38F3192BED3F00F45897 /* Base */,
			);
			name = Main_iPad.storyboard;
			sourceTree = "<group>";
		};
		BBCE3908192BED4000F45897 /* InfoPlist.strings */ = {
			isa = PBXVariantGroup;
			children = (
				BBCE3909192BED4000F45897 /* en */,
			);
			name = InfoPlist.strings;
			sourceTree = "<group>";
		};
/* End PBXVariantGroup section */

/* Begin XCBuildConfiguration section */
		BBCE390D192BED4000F45897 /* Debug */ = {
			isa = XCBuildConfiguration;
			buildSettings = {
				ALWAYS_SEARCH_USER_PATHS = NO;
				ARCHS = "$(ARCHS_STANDARD_INCLUDING_64_BIT)";
				CLANG_CXX_LANGUAGE_STANDARD = "gnu++0x";
				CLANG_CXX_LIBRARY = "libc++";
				CLANG_ENABLE_MODULES = YES;
				CLANG_ENABLE_OBJC_ARC = YES;
				CLANG_WARN_BOOL_CONVERSION = YES;
				CLANG_WARN_CONSTANT_CONVERSION = YES;
				CLANG_WARN_DIRECT_OBJC_ISA_USAGE = YES_ERROR;
				CLANG_WARN_EMPTY_BODY = YES;
				CLANG_WARN_ENUM_CONVERSION = YES;
				CLANG_WARN_INT_CONVERSION = YES;
				CLANG_WARN_OBJC_ROOT_CLASS = YES_ERROR;
				CLANG_WARN__DUPLICATE_METHOD_MATCH = YES;
				"CODE_SIGN_IDENTITY[sdk=iphoneos*]" = "iPhone Developer";
				COPY_PHASE_STRIP = NO;
				GCC_C_LANGUAGE_STANDARD = gnu99;
				GCC_DYNAMIC_NO_PIC = NO;
				GCC_OPTIMIZATION_LEVEL = 0;
				GCC_PREPROCESSOR_DEFINITIONS = (
					"DEBUG=1",
					"$(inherited)",
				);
				GCC_SYMBOLS_PRIVATE_EXTERN = NO;
				GCC_WARN_64_TO_32_BIT_CONVERSION = YES;
				GCC_WARN_ABOUT_RETURN_TYPE = YES_ERROR;
				GCC_WARN_UNDECLARED_SELECTOR = YES;
				GCC_WARN_UNINITIALIZED_AUTOS = YES;
				GCC_WARN_UNUSED_FUNCTION = YES;
				GCC_WARN_UNUSED_VARIABLE = YES;
				IPHONEOS_DEPLOYMENT_TARGET = 7.0;
				ONLY_ACTIVE_ARCH = YES;
				SDKROOT = iphoneos;
				TARGETED_DEVICE_FAMILY = "1,2";
			};
			name = Debug;
		};
		BBCE390E192BED4000F45897 /* Release */ = {
			isa = XCBuildConfiguration;
			buildSettings = {
				ALWAYS_SEARCH_USER_PATHS = NO;
				ARCHS = "$(ARCHS_STANDARD_INCLUDING_64_BIT)";
				CLANG_CXX_LANGUAGE_STANDARD = "gnu++0x";
				CLANG_CXX_LIBRARY = "libc++";
				CLANG_ENABLE_MODULES = YES;
				CLANG_ENABLE_OBJC_ARC = YES;
				CLANG_WARN_BOOL_CONVERSION = YES;
				CLANG_WARN_CONSTANT_CONVERSION = YES;
				CLANG_WARN_DIRECT_OBJC_ISA_USAGE = YES_ERROR;
				CLANG_WARN_EMPTY_BODY = YES;
				CLANG_WARN_ENUM_CONVERSION = YES;
				CLANG_WARN_INT_CONVERSION = YES;
				CLANG_WARN_OBJC_ROOT_CLASS = YES_ERROR;
				CLANG_WARN__DUPLICATE_METHOD_MATCH = YES;
				"CODE_SIGN_IDENTITY[sdk=iphoneos*]" = "iPhone Developer";
				COPY_PHASE_STRIP = YES;
				ENABLE_NS_ASSERTIONS = NO;
				GCC_C_LANGUAGE_STANDARD = gnu99;
				GCC_WARN_64_TO_32_BIT_CONVERSION = YES;
				GCC_WARN_ABOUT_RETURN_TYPE = YES_ERROR;
				GCC_WARN_UNDECLARED_SELECTOR = YES;
				GCC_WARN_UNINITIALIZED_AUTOS = YES;
				GCC_WARN_UNUSED_FUNCTION = YES;
				GCC_WARN_UNUSED_VARIABLE = YES;
				IPHONEOS_DEPLOYMENT_TARGET = 7.0;
				SDKROOT = iphoneos;
				TARGETED_DEVICE_FAMILY = "1,2";
				VALIDATE_PRODUCT = YES;
			};
			name = Release;
		};
		BBCE3910192BED4000F45897 /* Debug */ = {
			isa = XCBuildConfiguration;
			buildSettings = {
				ASSETCATALOG_COMPILER_APPICON_NAME = AppIcon;
				ASSETCATALOG_COMPILER_LAUNCHIMAGE_NAME = LaunchImage;
				GCC_PRECOMPILE_PREFIX_HEADER = YES;
				GCC_PREFIX_HEADER = "TopRegion/TopRegion-Prefix.pch";
				INFOPLIST_FILE = "TopRegion/TopRegion-Info.plist";
				PRODUCT_NAME = "$(TARGET_NAME)";
				WRAPPER_EXTENSION = app;
			};
			name = Debug;
		};
		BBCE3911192BED4000F45897 /* Release */ = {
			isa = XCBuildConfiguration;
			buildSettings = {
				ASSETCATALOG_COMPILER_APPICON_NAME = AppIcon;
				ASSETCATALOG_COMPILER_LAUNCHIMAGE_NAME = LaunchImage;
				GCC_PRECOMPILE_PREFIX_HEADER = YES;
				GCC_PREFIX_HEADER = "TopRegion/TopRegion-Prefix.pch";
				INFOPLIST_FILE = "TopRegion/TopRegion-Info.plist";
				PRODUCT_NAME = "$(TARGET_NAME)";
				WRAPPER_EXTENSION = app;
			};
			name = Release;
		};
		BBCE3913192BED4000F45897 /* Debug */ = {
			isa = XCBuildConfiguration;
			buildSettings = {
				ARCHS = "$(ARCHS_STANDARD_INCLUDING_64_BIT)";
				BUNDLE_LOADER = "$(BUILT_PRODUCTS_DIR)/TopRegion.app/TopRegion";
				FRAMEWORK_SEARCH_PATHS = (
					"$(SDKROOT)/Developer/Library/Frameworks",
					"$(inherited)",
					"$(DEVELOPER_FRAMEWORKS_DIR)",
				);
				GCC_PRECOMPILE_PREFIX_HEADER = YES;
				GCC_PREFIX_HEADER = "TopRegion/TopRegion-Prefix.pch";
				GCC_PREPROCESSOR_DEFINITIONS = (
					"DEBUG=1",
					"$(inherited)",
				);
				INFOPLIST_FILE = "TopRegionTests/TopRegionTests-Info.plist";
				PRODUCT_NAME = "$(TARGET_NAME)";
				TEST_HOST = "$(BUNDLE_LOADER)";
				WRAPPER_EXTENSION = xctest;
			};
			name = Debug;
		};
		BBCE3914192BED4000F45897 /* Release */ = {
			isa = XCBuildConfiguration;
			buildSettings = {
				ARCHS = "$(ARCHS_STANDARD_INCLUDING_64_BIT)";
				BUNDLE_LOADER = "$(BUILT_PRODUCTS_DIR)/TopRegion.app/TopRegion";
				FRAMEWORK_SEARCH_PATHS = (
					"$(SDKROOT)/Developer/Library/Frameworks",
					"$(inherited)",
					"$(DEVELOPER_FRAMEWORKS_DIR)",
				);
				GCC_PRECOMPILE_PREFIX_HEADER = YES;
				GCC_PREFIX_HEADER = "TopRegion/TopRegion-Prefix.pch";
				INFOPLIST_FILE = "TopRegionTests/TopRegionTests-Info.plist";
				PRODUCT_NAME = "$(TARGET_NAME)";
				TEST_HOST = "$(BUNDLE_LOADER)";
				WRAPPER_EXTENSION = xctest;
			};
			name = Release;
		};
/* End XCBuildConfiguration section */

/* Begin XCConfigurationList section */
		BBCE38D5192BED3F00F45897 /* Build configuration list for PBXProject "TopRegion" */ = {
			isa = XCConfigurationList;
			buildConfigurations = (
				BBCE390D192BED4000F45897 /* Debug */,
				BBCE390E192BED4000F45897 /* Release */,
			);
			defaultConfigurationIsVisible = 0;
			defaultConfigurationName = Release;
		};
		BBCE390F192BED4000F45897 /* Build configuration list for PBXNativeTarget "TopRegion" */ = {
			isa = XCConfigurationList;
			buildConfigurations = (
				BBCE3910192BED4000F45897 /* Debug */,
				BBCE3911192BED4000F45897 /* Release */,
			);
			defaultConfigurationIsVisible = 0;
			defaultConfigurationName = Release;
		};
		BBCE3912192BED4000F45897 /* Build configuration list for PBXNativeTarget "TopRegionTests" */ = {
			isa = XCConfigurationList;
			buildConfigurations = (
				BBCE3913192BED4000F45897 /* Debug */,
				BBCE3914192BED4000F45897 /* Release */,
			);
			defaultConfigurationIsVisible = 0;
			defaultConfigurationName = Release;
		};
/* End XCConfigurationList section */

/* Begin XCVersionGroup section */
		BBB1D188193DF165009A903A /* Model.xcdatamodeld */ = {
			isa = XCVersionGroup;
			children = (
				BBB1D189193DF165009A903A /* Model.xcdatamodel */,
			);
			currentVersion = BBB1D189193DF165009A903A /* Model.xcdatamodel */;
			path = Model.xcdatamodeld;
			sourceTree = "<group>";
			versionGroupType = wrapper.xcdatamodel;
		};
/* End XCVersionGroup section */
	};
	rootObject = BBCE38D2192BED3F00F45897 /* Project object */;
}
